
Microsoft Visual Studio Solution File, Format Version 12.00
# Visual Studio Version 17
VisualStudioVersion = 17.5.33424.131
MinimumVisualStudioVersion = 10.0.40219.1
Project("{9A19103F-16F7-4668-BE54-9A1E7A4F7556}") = "Tugas_OOP", "SIBKM_Metrodata\Tugas_OOP.csproj", "{2A6F7378-F5DA-42E1-AB69-B3D2F3543BCF}"
EndProject
Project("{FAE04EC0-301F-11D3-BF4B-00C04F79EFBC}") = "Connections", "Connections\Connections.csproj", "{FB2A221C-5784-4F99-AD99-20F3367F793C}"
EndProject
Global
	GlobalSection(SolutionConfigurationPlatforms) = preSolution
		Debug|Any CPU = Debug|Any CPU
		Release|Any CPU = Release|Any CPU
	EndGlobalSection
	GlobalSection(ProjectConfigurationPlatforms) = postSolution
		{2A6F7378-F5DA-42E1-AB69-B3D2F3543BCF}.Debug|Any CPU.ActiveCfg = Debug|Any CPU
		{2A6F7378-F5DA-42E1-AB69-B3D2F3543BCF}.Debug|Any CPU.Build.0 = Debug|Any CPU
		{2A6F7378-F5DA-42E1-AB69-B3D2F3543BCF}.Release|Any CPU.ActiveCfg = Release|Any CPU
		{2A6F7378-F5DA-42E1-AB69-B3D2F3543BCF}.Release|Any CPU.Build.0 = Release|Any CPU
		{FB2A221C-5784-4F99-AD99-20F3367F793C}.Debug|Any CPU.ActiveCfg = Debug|Any CPU
		{FB2A221C-5784-4F99-AD99-20F3367F793C}.Debug|Any CPU.Build.0 = Debug|Any CPU
		{FB2A221C-5784-4F99-AD99-20F3367F793C}.Release|Any CPU.ActiveCfg = Release|Any CPU
		{FB2A221C-5784-4F99-AD99-20F3367F793C}.Release|Any CPU.Build.0 = Release|Any CPU
	EndGlobalSection
	GlobalSection(SolutionProperties) = preSolution
		HideSolutionNode = FALSE
	EndGlobalSection
	GlobalSection(ExtensibilityGlobals) = postSolution
		SolutionGuid = {A729AE5B-4EBC-4E55-A537-33B21A0EE8A5}
	EndGlobalSection
EndGlobal
